
Microsoft Visual Studio Solution File, Format Version 12.00
# Visual Studio Version 16
VisualStudioVersion = 16.0.30225.117
MinimumVisualStudioVersion = 10.0.40219.1
Project("{FAE04EC0-301F-11D3-BF4B-00C04F79EFBC}") = "CaoCyuanBeiCalligraphy", "CaoCyuanBeiCalligraphy.csproj", "{34DACF48-76E4-4387-A0F8-62FE0F433E8E}"
EndProject
Global
	GlobalSection(SolutionConfigurationPlatforms) = preSolution
		Debug|Any CPU = Debug|Any CPU
		Release|Any CPU = Release|Any CPU
	EndGlobalSection
	GlobalSection(ProjectConfigurationPlatforms) = postSolution
		{34DACF48-76E4-4387-A0F8-62FE0F433E8E}.Debug|Any CPU.ActiveCfg = Debug|Any CPU
		{34DACF48-76E4-4387-A0F8-62FE0F433E8E}.Debug|Any CPU.Build.0 = Debug|Any CPU
		{34DACF48-76E4-4387-A0F8-62FE0F433E8E}.Release|Any CPU.ActiveCfg = Release|Any CPU
		{34DACF48-76E4-4387-A0F8-62FE0F433E8E}.Release|Any CPU.Build.0 = Release|Any CPU
	EndGlobalSection
	GlobalSection(SolutionProperties) = preSolution
		HideSolutionNode = FALSE
	EndGlobalSection
	GlobalSection(ExtensibilityGlobals) = postSolution
		SolutionGuid = {7839C05A-A1C3-41C7-909D-D53E59609E5C}
	EndGlobalSection
EndGlobal
